{
  "name": "gelreportmodels-typescript",
  "version": "0.0.1",
  "lockfileVersion": 1,
  "requires": true,
  "dependencies": {
    "@types/lodash": {
      "version": "4.14.116",
      "resolved": "https://registry.npmjs.org/@types/lodash/-/lodash-4.14.116.tgz",
      "integrity": "sha512-lRnAtKnxMXcYYXqOiotTmJd74uawNWuPnsnPrrO7HiFuE3npE2iQhfABatbYDyxTNqZNuXzcKGhw37R7RjBFLg=="
    },
    "json2typescript": {
      "version": "1.0.5",
      "resolved": "https://registry.npmjs.org/json2typescript/-/json2typescript-1.0.5.tgz",
      "integrity": "sha1-w/Aatl8Sn9pH8LQ8Bqfx58knOj0="
    },
    "lodash": {
      "version": "4.17.10",
      "resolved": "https://registry.npmjs.org/lodash/-/lodash-4.17.10.tgz",
      "integrity": "sha512-UejweD1pDoXu+AD825lWwp4ZGtSwgnpZxb3JDViD7StjQz+Nb/6l093lx4OQ0foGWNRoc19mWy7BzL+UAK2iVg=="
    }
  }
}
